
Microsoft Visual Studio Solution File, Format Version 12.00
Project("{FAE04EC0-301F-11D3-BF4B-00C04F79EFBC}") = "tdd-with-csharp", "tdd-with-csharp\tdd-with-csharp.csproj", "{6584F701-A59E-4980-B35D-6303A6363166}"
EndProject
Global
	GlobalSection(SolutionConfigurationPlatforms) = preSolution
		Debug|Any CPU = Debug|Any CPU
		Release|Any CPU = Release|Any CPU
	EndGlobalSection
	GlobalSection(ProjectConfigurationPlatforms) = postSolution
		{6584F701-A59E-4980-B35D-6303A6363166}.Debug|Any CPU.ActiveCfg = Debug|Any CPU
		{6584F701-A59E-4980-B35D-6303A6363166}.Debug|Any CPU.Build.0 = Debug|Any CPU
		{6584F701-A59E-4980-B35D-6303A6363166}.Release|Any CPU.ActiveCfg = Release|Any CPU
		{6584F701-A59E-4980-B35D-6303A6363166}.Release|Any CPU.Build.0 = Release|Any CPU
	EndGlobalSection
EndGlobal
